
Microsoft Visual Studio Solution File, Format Version 12.00
# Visual Studio Version 16
VisualStudioVersion = 16.0.29009.5
MinimumVisualStudioVersion = 10.0.40219.1
Project("{FAE04EC0-301F-11D3-BF4B-00C04F79EFBC}") = "FirstConsoleApp", "FirstConsoleApp\FirstConsoleApp.csproj", "{028CD5A7-6EE5-4F06-8963-3B05B771CDC2}"
EndProject
Global
	GlobalSection(SolutionConfigurationPlatforms) = preSolution
		Debug|Any CPU = Debug|Any CPU
		Release|Any CPU = Release|Any CPU
	EndGlobalSection
	GlobalSection(ProjectConfigurationPlatforms) = postSolution
		{028CD5A7-6EE5-4F06-8963-3B05B771CDC2}.Debug|Any CPU.ActiveCfg = Debug|Any CPU
		{028CD5A7-6EE5-4F06-8963-3B05B771CDC2}.Debug|Any CPU.Build.0 = Debug|Any CPU
		{028CD5A7-6EE5-4F06-8963-3B05B771CDC2}.Release|Any CPU.ActiveCfg = Release|Any CPU
		{028CD5A7-6EE5-4F06-8963-3B05B771CDC2}.Release|Any CPU.Build.0 = Release|Any CPU
	EndGlobalSection
	GlobalSection(SolutionProperties) = preSolution
		HideSolutionNode = FALSE
	EndGlobalSection
	GlobalSection(ExtensibilityGlobals) = postSolution
		SolutionGuid = {36F1ABDF-1DD3-4445-BF29-64F22864E203}
	EndGlobalSection
EndGlobal
